
Microsoft Visual Studio Solution File, Format Version 12.00
# Visual Studio Version 16
VisualStudioVersion = 16.0.35229.62
MinimumVisualStudioVersion = 10.0.40219.1
Project("{FAE04EC0-301F-11D3-BF4B-00C04F79EFBC}") = "MultipleTableMVC", "MultipleTableMVC\MultipleTableMVC.csproj", "{F0717EDD-76E8-46F1-9F9F-09A23E5148D7}"
EndProject
Global
	GlobalSection(SolutionConfigurationPlatforms) = preSolution
		Debug|Any CPU = Debug|Any CPU
		Release|Any CPU = Release|Any CPU
	EndGlobalSection
	GlobalSection(ProjectConfigurationPlatforms) = postSolution
		{F0717EDD-76E8-46F1-9F9F-09A23E5148D7}.Debug|Any CPU.ActiveCfg = Debug|Any CPU
		{F0717EDD-76E8-46F1-9F9F-09A23E5148D7}.Debug|Any CPU.Build.0 = Debug|Any CPU
		{F0717EDD-76E8-46F1-9F9F-09A23E5148D7}.Release|Any CPU.ActiveCfg = Release|Any CPU
		{F0717EDD-76E8-46F1-9F9F-09A23E5148D7}.Release|Any CPU.Build.0 = Release|Any CPU
	EndGlobalSection
	GlobalSection(SolutionProperties) = preSolution
		HideSolutionNode = FALSE
	EndGlobalSection
	GlobalSection(ExtensibilityGlobals) = postSolution
		SolutionGuid = {9B27248F-E0EA-4D99-A227-FE8B029D3B2A}
	EndGlobalSection
EndGlobal
